
Microsoft Visual Studio Solution File, Format Version 12.00
# Visual Studio 14
VisualStudioVersion = 14.0.23107.0
MinimumVisualStudioVersion = 10.0.40219.1
Project("{FAE04EC0-301F-11D3-BF4B-00C04F79EFBC}") = "KMSZ.OADemo.BLL", "KMSZ.OADemo.BLL\KMSZ.OADemo.BLL.csproj", "{65293543-F596-438E-8163-633B2B696F22}"
	ProjectSection(ProjectDependencies) = postProject
		{B400D719-C0E0-4FFE-A452-19A3659F8D76} = {B400D719-C0E0-4FFE-A452-19A3659F8D76}
		{E4758F5E-C5C5-4FBA-BF2A-06FAD60D7B5A} = {E4758F5E-C5C5-4FBA-BF2A-06FAD60D7B5A}
		{14F1179E-7423-4A20-870F-8794917A6B3D} = {14F1179E-7423-4A20-870F-8794917A6B3D}
		{C76026A6-AE96-4D5C-B2D3-3C3AD0EE2FA3} = {C76026A6-AE96-4D5C-B2D3-3C3AD0EE2FA3}
		{277B57B3-E7C2-4C98-823D-B22A3790643A} = {277B57B3-E7C2-4C98-823D-B22A3790643A}
		{66719CB7-F22F-4B52-80FF-3B127A951B24} = {66719CB7-F22F-4B52-80FF-3B127A951B24}
	EndProjectSection
EndProject
Project("{FAE04EC0-301F-11D3-BF4B-00C04F79EFBC}") = "KMSZ.OADemo.DAL", "KMSZ.OADemo.DAL\KMSZ.OADemo.DAL.csproj", "{C76026A6-AE96-4D5C-B2D3-3C3AD0EE2FA3}"
	ProjectSection(ProjectDependencies) = postProject
		{B400D719-C0E0-4FFE-A452-19A3659F8D76} = {B400D719-C0E0-4FFE-A452-19A3659F8D76}
		{E4758F5E-C5C5-4FBA-BF2A-06FAD60D7B5A} = {E4758F5E-C5C5-4FBA-BF2A-06FAD60D7B5A}
		{66719CB7-F22F-4B52-80FF-3B127A951B24} = {66719CB7-F22F-4B52-80FF-3B127A951B24}
	EndProjectSection
EndProject
Project("{FAE04EC0-301F-11D3-BF4B-00C04F79EFBC}") = "KMSZ.OADemo.Common", "KMSZ.OADemo.Common\KMSZ.OADemo.Common.csproj", "{66719CB7-F22F-4B52-80FF-3B127A951B24}"
EndProject
Project("{FAE04EC0-301F-11D3-BF4B-00C04F79EFBC}") = "KMSZ.OADemo.IDAL", "KMSZ.OADemo.IDAL\KMSZ.OADemo.IDAL.csproj", "{B400D719-C0E0-4FFE-A452-19A3659F8D76}"
	ProjectSection(ProjectDependencies) = postProject
		{E4758F5E-C5C5-4FBA-BF2A-06FAD60D7B5A} = {E4758F5E-C5C5-4FBA-BF2A-06FAD60D7B5A}
		{66719CB7-F22F-4B52-80FF-3B127A951B24} = {66719CB7-F22F-4B52-80FF-3B127A951B24}
	EndProjectSection
EndProject
Project("{FAE04EC0-301F-11D3-BF4B-00C04F79EFBC}") = "KMSZ.OADemo.DalFactory", "KMSZ.OADemo.DalFactory\KMSZ.OADemo.DalFactory.csproj", "{14F1179E-7423-4A20-870F-8794917A6B3D}"
	ProjectSection(ProjectDependencies) = postProject
		{B400D719-C0E0-4FFE-A452-19A3659F8D76} = {B400D719-C0E0-4FFE-A452-19A3659F8D76}
		{C76026A6-AE96-4D5C-B2D3-3C3AD0EE2FA3} = {C76026A6-AE96-4D5C-B2D3-3C3AD0EE2FA3}
		{66719CB7-F22F-4B52-80FF-3B127A951B24} = {66719CB7-F22F-4B52-80FF-3B127A951B24}
	EndProjectSection
EndProject
Project("{2150E333-8FDC-42A3-9474-1A3956D46DE8}") = "DAL", "DAL", "{3D0EB90D-E98E-45E5-A640-F794D413337F}"
EndProject
Project("{2150E333-8FDC-42A3-9474-1A3956D46DE8}") = "BLL", "BLL", "{D2556AC2-20FC-4DD6-8295-353869BE1E69}"
EndProject
Project("{2150E333-8FDC-42A3-9474-1A3956D46DE8}") = "Model", "Model", "{26E1907B-BFD3-4618-9F92-94569C192179}"
EndProject
Project("{2150E333-8FDC-42A3-9474-1A3956D46DE8}") = "UI", "UI", "{419A5D95-6895-4A56-A70F-E7F3C6401895}"
EndProject
Project("{2150E333-8FDC-42A3-9474-1A3956D46DE8}") = "Common", "Common", "{60810038-D5C8-4A3F-B58C-0AC9BD0A80C2}"
EndProject
Project("{2150E333-8FDC-42A3-9474-1A3956D46DE8}") = "UnitTest", "UnitTest", "{F409CF64-2C42-4632-A70B-5EC33A8F5F1C}"
EndProject
Project("{FAE04EC0-301F-11D3-BF4B-00C04F79EFBC}") = "KMSZ.OADemo.UnitTest", "KMSZ.OADemo.UnitTest\KMSZ.OADemo.UnitTest.csproj", "{F19CAAED-9880-480F-A0C0-6ACFD705DD34}"
	ProjectSection(ProjectDependencies) = postProject
		{65293543-F596-438E-8163-633B2B696F22} = {65293543-F596-438E-8163-633B2B696F22}
		{14F1179E-7423-4A20-870F-8794917A6B3D} = {14F1179E-7423-4A20-870F-8794917A6B3D}
		{277B57B3-E7C2-4C98-823D-B22A3790643A} = {277B57B3-E7C2-4C98-823D-B22A3790643A}
		{66719CB7-F22F-4B52-80FF-3B127A951B24} = {66719CB7-F22F-4B52-80FF-3B127A951B24}
	EndProjectSection
EndProject
Project("{FAE04EC0-301F-11D3-BF4B-00C04F79EFBC}") = "KMSZ.OADemo.IBLL", "KMSZ.OADemo.IBLL\KMSZ.OADemo.IBLL.csproj", "{277B57B3-E7C2-4C98-823D-B22A3790643A}"
	ProjectSection(ProjectDependencies) = postProject
		{B400D719-C0E0-4FFE-A452-19A3659F8D76} = {B400D719-C0E0-4FFE-A452-19A3659F8D76}
		{E4758F5E-C5C5-4FBA-BF2A-06FAD60D7B5A} = {E4758F5E-C5C5-4FBA-BF2A-06FAD60D7B5A}
		{14F1179E-7423-4A20-870F-8794917A6B3D} = {14F1179E-7423-4A20-870F-8794917A6B3D}
		{C76026A6-AE96-4D5C-B2D3-3C3AD0EE2FA3} = {C76026A6-AE96-4D5C-B2D3-3C3AD0EE2FA3}
		{66719CB7-F22F-4B52-80FF-3B127A951B24} = {66719CB7-F22F-4B52-80FF-3B127A951B24}
	EndProjectSection
EndProject
Project("{2150E333-8FDC-42A3-9474-1A3956D46DE8}") = "T4Demo", "T4Demo", "{D6DEB56C-8CF7-49A3-AAB0-302581F871A5}"
EndProject
Project("{FAE04EC0-301F-11D3-BF4B-00C04F79EFBC}") = "KMSZ.OADemo.T4Demo", "KMSZ.OADemo.T4Demo\KMSZ.OADemo.T4Demo.csproj", "{14265DA9-EB6B-4782-A3FB-61808372A1F3}"
	ProjectSection(ProjectDependencies) = postProject
		{B400D719-C0E0-4FFE-A452-19A3659F8D76} = {B400D719-C0E0-4FFE-A452-19A3659F8D76}
		{65293543-F596-438E-8163-633B2B696F22} = {65293543-F596-438E-8163-633B2B696F22}
		{E4758F5E-C5C5-4FBA-BF2A-06FAD60D7B5A} = {E4758F5E-C5C5-4FBA-BF2A-06FAD60D7B5A}
		{14F1179E-7423-4A20-870F-8794917A6B3D} = {14F1179E-7423-4A20-870F-8794917A6B3D}
		{C76026A6-AE96-4D5C-B2D3-3C3AD0EE2FA3} = {C76026A6-AE96-4D5C-B2D3-3C3AD0EE2FA3}
		{277B57B3-E7C2-4C98-823D-B22A3790643A} = {277B57B3-E7C2-4C98-823D-B22A3790643A}
		{66719CB7-F22F-4B52-80FF-3B127A951B24} = {66719CB7-F22F-4B52-80FF-3B127A951B24}
	EndProjectSection
EndProject
Project("{2150E333-8FDC-42A3-9474-1A3956D46DE8}") = "Services", "Services", "{23380A3C-DCED-4024-ADBC-45AE70C8D396}"
EndProject
Project("{FAE04EC0-301F-11D3-BF4B-00C04F79EFBC}") = "KMSZ.OADemo.OAWebServices", "KMSZ.OADemo.OAWebServices\KMSZ.OADemo.OAWebServices.csproj", "{42E9E0F8-33A9-4EEF-9EB9-B701700B4859}"
EndProject
Project("{FAE04EC0-301F-11D3-BF4B-00C04F79EFBC}") = "WebServiceTestDemo", "WebServiceTestDemo\WebServiceTestDemo.csproj", "{B97E268B-34C0-4C50-842E-25C2ACF7C4D8}"
	ProjectSection(ProjectDependencies) = postProject
		{42E9E0F8-33A9-4EEF-9EB9-B701700B4859} = {42E9E0F8-33A9-4EEF-9EB9-B701700B4859}
	EndProjectSection
EndProject
Project("{FAE04EC0-301F-11D3-BF4B-00C04F79EFBC}") = "SpringNetDemo", "SpringNetDemo\SpringNetDemo.csproj", "{30012641-C751-4E57-AFB8-A5EC213EB129}"
EndProject
Project("{FAE04EC0-301F-11D3-BF4B-00C04F79EFBC}") = "KMSZ.OADemo.UI.Protal", "KMSZ.OADemo.UI.Protal\KMSZ.OADemo.UI.Protal.csproj", "{77CAAEBB-38A0-4FEF-BFC9-C38ABC183F2E}"
EndProject
Project("{FAE04EC0-301F-11D3-BF4B-00C04F79EFBC}") = "Log4NetDemo", "Log4NetDemo\Log4NetDemo.csproj", "{12823132-5C5E-45A9-B8F0-296F1329C899}"
EndProject
Project("{FAE04EC0-301F-11D3-BF4B-00C04F79EFBC}") = "KMSZ.OADemo.Model", "KMSZ.OADemo.Model\KMSZ.OADemo.Model.csproj", "{E4758F5E-C5C5-4FBA-BF2A-06FAD60D7B5A}"
EndProject
Project("{FAE04EC0-301F-11D3-BF4B-00C04F79EFBC}") = "KMSZ.OADemo.AutoFac", "KMSZ.OADemo.AutoFac\KMSZ.OADemo.AutoFac.csproj", "{C61CD203-D45B-4177-9615-1BDA840A6CCB}"
EndProject
Global
	GlobalSection(SolutionConfigurationPlatforms) = preSolution
		Debug|Any CPU = Debug|Any CPU
		Release|Any CPU = Release|Any CPU
	EndGlobalSection
	GlobalSection(ProjectConfigurationPlatforms) = postSolution
		{65293543-F596-438E-8163-633B2B696F22}.Debug|Any CPU.ActiveCfg = Debug|Any CPU
		{65293543-F596-438E-8163-633B2B696F22}.Debug|Any CPU.Build.0 = Debug|Any CPU
		{65293543-F596-438E-8163-633B2B696F22}.Release|Any CPU.ActiveCfg = Release|Any CPU
		{65293543-F596-438E-8163-633B2B696F22}.Release|Any CPU.Build.0 = Release|Any CPU
		{C76026A6-AE96-4D5C-B2D3-3C3AD0EE2FA3}.Debug|Any CPU.ActiveCfg = Debug|Any CPU
		{C76026A6-AE96-4D5C-B2D3-3C3AD0EE2FA3}.Debug|Any CPU.Build.0 = Debug|Any CPU
		{C76026A6-AE96-4D5C-B2D3-3C3AD0EE2FA3}.Release|Any CPU.ActiveCfg = Release|Any CPU
		{C76026A6-AE96-4D5C-B2D3-3C3AD0EE2FA3}.Release|Any CPU.Build.0 = Release|Any CPU
		{66719CB7-F22F-4B52-80FF-3B127A951B24}.Debug|Any CPU.ActiveCfg = Debug|Any CPU
		{66719CB7-F22F-4B52-80FF-3B127A951B24}.Debug|Any CPU.Build.0 = Debug|Any CPU
		{66719CB7-F22F-4B52-80FF-3B127A951B24}.Release|Any CPU.ActiveCfg = Release|Any CPU
		{66719CB7-F22F-4B52-80FF-3B127A951B24}.Release|Any CPU.Build.0 = Release|Any CPU
		{B400D719-C0E0-4FFE-A452-19A3659F8D76}.Debug|Any CPU.ActiveCfg = Debug|Any CPU
		{B400D719-C0E0-4FFE-A452-19A3659F8D76}.Debug|Any CPU.Build.0 = Debug|Any CPU
		{B400D719-C0E0-4FFE-A452-19A3659F8D76}.Release|Any CPU.ActiveCfg = Release|Any CPU
		{B400D719-C0E0-4FFE-A452-19A3659F8D76}.Release|Any CPU.Build.0 = Release|Any CPU
		{14F1179E-7423-4A20-870F-8794917A6B3D}.Debug|Any CPU.ActiveCfg = Debug|Any CPU
		{14F1179E-7423-4A20-870F-8794917A6B3D}.Debug|Any CPU.Build.0 = Debug|Any CPU
		{14F1179E-7423-4A20-870F-8794917A6B3D}.Release|Any CPU.ActiveCfg = Release|Any CPU
		{14F1179E-7423-4A20-870F-8794917A6B3D}.Release|Any CPU.Build.0 = Release|Any CPU
		{F19CAAED-9880-480F-A0C0-6ACFD705DD34}.Debug|Any CPU.ActiveCfg = Debug|Any CPU
		{F19CAAED-9880-480F-A0C0-6ACFD705DD34}.Debug|Any CPU.Build.0 = Debug|Any CPU
		{F19CAAED-9880-480F-A0C0-6ACFD705DD34}.Release|Any CPU.ActiveCfg = Release|Any CPU
		{F19CAAED-9880-480F-A0C0-6ACFD705DD34}.Release|Any CPU.Build.0 = Release|Any CPU
		{277B57B3-E7C2-4C98-823D-B22A3790643A}.Debug|Any CPU.ActiveCfg = Debug|Any CPU
		{277B57B3-E7C2-4C98-823D-B22A3790643A}.Debug|Any CPU.Build.0 = Debug|Any CPU
		{277B57B3-E7C2-4C98-823D-B22A3790643A}.Release|Any CPU.ActiveCfg = Release|Any CPU
		{277B57B3-E7C2-4C98-823D-B22A3790643A}.Release|Any CPU.Build.0 = Release|Any CPU
		{14265DA9-EB6B-4782-A3FB-61808372A1F3}.Debug|Any CPU.ActiveCfg = Debug|Any CPU
		{14265DA9-EB6B-4782-A3FB-61808372A1F3}.Debug|Any CPU.Build.0 = Debug|Any CPU
		{14265DA9-EB6B-4782-A3FB-61808372A1F3}.Release|Any CPU.ActiveCfg = Release|Any CPU
		{14265DA9-EB6B-4782-A3FB-61808372A1F3}.Release|Any CPU.Build.0 = Release|Any CPU
		{42E9E0F8-33A9-4EEF-9EB9-B701700B4859}.Debug|Any CPU.ActiveCfg = Debug|Any CPU
		{42E9E0F8-33A9-4EEF-9EB9-B701700B4859}.Debug|Any CPU.Build.0 = Debug|Any CPU
		{42E9E0F8-33A9-4EEF-9EB9-B701700B4859}.Release|Any CPU.ActiveCfg = Release|Any CPU
		{42E9E0F8-33A9-4EEF-9EB9-B701700B4859}.Release|Any CPU.Build.0 = Release|Any CPU
		{B97E268B-34C0-4C50-842E-25C2ACF7C4D8}.Debug|Any CPU.ActiveCfg = Debug|Any CPU
		{B97E268B-34C0-4C50-842E-25C2ACF7C4D8}.Debug|Any CPU.Build.0 = Debug|Any CPU
		{B97E268B-34C0-4C50-842E-25C2ACF7C4D8}.Release|Any CPU.ActiveCfg = Release|Any CPU
		{B97E268B-34C0-4C50-842E-25C2ACF7C4D8}.Release|Any CPU.Build.0 = Release|Any CPU
		{30012641-C751-4E57-AFB8-A5EC213EB129}.Debug|Any CPU.ActiveCfg = Debug|Any CPU
		{30012641-C751-4E57-AFB8-A5EC213EB129}.Debug|Any CPU.Build.0 = Debug|Any CPU
		{30012641-C751-4E57-AFB8-A5EC213EB129}.Release|Any CPU.ActiveCfg = Release|Any CPU
		{30012641-C751-4E57-AFB8-A5EC213EB129}.Release|Any CPU.Build.0 = Release|Any CPU
		{77CAAEBB-38A0-4FEF-BFC9-C38ABC183F2E}.Debug|Any CPU.ActiveCfg = Debug|Any CPU
		{77CAAEBB-38A0-4FEF-BFC9-C38ABC183F2E}.Debug|Any CPU.Build.0 = Debug|Any CPU
		{77CAAEBB-38A0-4FEF-BFC9-C38ABC183F2E}.Release|Any CPU.ActiveCfg = Release|Any CPU
		{77CAAEBB-38A0-4FEF-BFC9-C38ABC183F2E}.Release|Any CPU.Build.0 = Release|Any CPU
		{12823132-5C5E-45A9-B8F0-296F1329C899}.Debug|Any CPU.ActiveCfg = Debug|Any CPU
		{12823132-5C5E-45A9-B8F0-296F1329C899}.Debug|Any CPU.Build.0 = Debug|Any CPU
		{12823132-5C5E-45A9-B8F0-296F1329C899}.Release|Any CPU.ActiveCfg = Release|Any CPU
		{12823132-5C5E-45A9-B8F0-296F1329C899}.Release|Any CPU.Build.0 = Release|Any CPU
		{E4758F5E-C5C5-4FBA-BF2A-06FAD60D7B5A}.Debug|Any CPU.ActiveCfg = Debug|Any CPU
		{E4758F5E-C5C5-4FBA-BF2A-06FAD60D7B5A}.Debug|Any CPU.Build.0 = Debug|Any CPU
		{E4758F5E-C5C5-4FBA-BF2A-06FAD60D7B5A}.Release|Any CPU.ActiveCfg = Release|Any CPU
		{E4758F5E-C5C5-4FBA-BF2A-06FAD60D7B5A}.Release|Any CPU.Build.0 = Release|Any CPU
		{C61CD203-D45B-4177-9615-1BDA840A6CCB}.Debug|Any CPU.ActiveCfg = Debug|Any CPU
		{C61CD203-D45B-4177-9615-1BDA840A6CCB}.Debug|Any CPU.Build.0 = Debug|Any CPU
		{C61CD203-D45B-4177-9615-1BDA840A6CCB}.Release|Any CPU.ActiveCfg = Release|Any CPU
		{C61CD203-D45B-4177-9615-1BDA840A6CCB}.Release|Any CPU.Build.0 = Release|Any CPU
	EndGlobalSection
	GlobalSection(SolutionProperties) = preSolution
		HideSolutionNode = FALSE
	EndGlobalSection
	GlobalSection(NestedProjects) = preSolution
		{65293543-F596-438E-8163-633B2B696F22} = {D2556AC2-20FC-4DD6-8295-353869BE1E69}
		{C76026A6-AE96-4D5C-B2D3-3C3AD0EE2FA3} = {3D0EB90D-E98E-45E5-A640-F794D413337F}
		{66719CB7-F22F-4B52-80FF-3B127A951B24} = {60810038-D5C8-4A3F-B58C-0AC9BD0A80C2}
		{B400D719-C0E0-4FFE-A452-19A3659F8D76} = {3D0EB90D-E98E-45E5-A640-F794D413337F}
		{14F1179E-7423-4A20-870F-8794917A6B3D} = {3D0EB90D-E98E-45E5-A640-F794D413337F}
		{F19CAAED-9880-480F-A0C0-6ACFD705DD34} = {F409CF64-2C42-4632-A70B-5EC33A8F5F1C}
		{277B57B3-E7C2-4C98-823D-B22A3790643A} = {D2556AC2-20FC-4DD6-8295-353869BE1E69}
		{14265DA9-EB6B-4782-A3FB-61808372A1F3} = {D6DEB56C-8CF7-49A3-AAB0-302581F871A5}
		{42E9E0F8-33A9-4EEF-9EB9-B701700B4859} = {23380A3C-DCED-4024-ADBC-45AE70C8D396}
		{B97E268B-34C0-4C50-842E-25C2ACF7C4D8} = {D6DEB56C-8CF7-49A3-AAB0-302581F871A5}
		{30012641-C751-4E57-AFB8-A5EC213EB129} = {D6DEB56C-8CF7-49A3-AAB0-302581F871A5}
		{77CAAEBB-38A0-4FEF-BFC9-C38ABC183F2E} = {419A5D95-6895-4A56-A70F-E7F3C6401895}
		{12823132-5C5E-45A9-B8F0-296F1329C899} = {D6DEB56C-8CF7-49A3-AAB0-302581F871A5}
		{E4758F5E-C5C5-4FBA-BF2A-06FAD60D7B5A} = {26E1907B-BFD3-4618-9F92-94569C192179}
		{C61CD203-D45B-4177-9615-1BDA840A6CCB} = {419A5D95-6895-4A56-A70F-E7F3C6401895}
	EndGlobalSection
EndGlobal
